{
  "id": "token-gating",
  "name": "Token Gating",
  "version": "1.1.6",
  "beta": true,
  "description": "Allows for the denial of access to a space or region within a space, depending on if a user has a specific NFT/s in their wallet",
  "category": "Accessibility",
  "businessId": "ym3t3mPi0g",
  "price": 0,
  "releaseNotes": "Add owner",
  "entrypoint": ""
}